// !$*UTF8*$!
{
	archiveVersion = 1;
	classes = {
	};
	objectVersion = 46;
	objects = {

/* Begin PBXBuildFile section */
		007B790B4F38DB2F30A44246 /* Pods_TestFloatingButtonTests.framework in Frameworks */ = {isa = PBXBuildFile; fileRef = 6300B3232B924CA22D7B8398 /* Pods_TestFloatingButtonTests.framework */; };
		0659619B08CD7F4DB1A6A3A5 /* Pods_TestFloatingButtonUITests.framework in Frameworks */ = {isa = PBXBuildFile; fileRef = EF8B5168CA9001EC1C915C01 /* Pods_TestFloatingButtonUITests.framework */; };
		7B0747901F3BD3B400856C58 /* AppDelegate.swift in Sources */ = {isa = PBXBuildFile; fileRef = 7B07478F1F3BD3B400856C58 /* AppDelegate.swift */; };
		7B0747921F3BD3B400856C58 /* ViewController.swift in Sources */ = {isa = PBXBuildFile; fileRef = 7B0747911F3BD3B400856C58 /* ViewController.swift */; };
		7B0747951F3BD3B400856C58 /* Main.storyboard in Resources */ = {isa = PBXBuildFile; fileRef = 7B0747931F3BD3B400856C58 /* Main.storyboard */; };
		7B0747971F3BD3B400856C58 /* Assets.xcassets in Resources */ = {isa = PBXBuildFile; fileRef = 7B0747961F3BD3B400856C58 /* Assets.xcassets */; };
		7B07479A1F3BD3B400856C58 /* LaunchScreen.storyboard in Resources */ = {isa = PBXBuildFile; fileRef = 7B0747981F3BD3B400856C58 /* LaunchScreen.storyboard */; };
		7B0747A51F3BD3B400856C58 /* TestFloatingButtonTests.swift in Sources */ = {isa = PBXBuildFile; fileRef = 7B0747A41F3BD3B400856C58 /* TestFloatingButtonTests.swift */; };
		7B0747B01F3BD3B400856C58 /* TestFloatingButtonUITests.swift in Sources */ = {isa = PBXBuildFile; fileRef = 7B0747AF1F3BD3B400856C58 /* TestFloatingButtonUITests.swift */; };
		7B0747BE1F3BD3C200856C58 /* FloatingButton.swift in Sources */ = {isa = PBXBuildFile; fileRef = 7B0747BD1F3BD3C200856C58 /* FloatingButton.swift */; };
		7B3526401F3DEBF70035892B /* CustomCellTableViewCell.swift in Sources */ = {isa = PBXBuildFile; fileRef = 7B35263F1F3DEBF70035892B /* CustomCellTableViewCell.swift */; };
		A306C14838ECC4A8E4DE0457 /* Pods_TestFloatingButton.framework in Frameworks */ = {isa = PBXBuildFile; fileRef = E49E6ED0BD7FA3A6EF19B6A1 /* Pods_TestFloatingButton.framework */; };
/* End PBXBuildFile section */

/* Begin PBXContainerItemProxy section */
		7B0747A11F3BD3B400856C58 /* PBXContainerItemProxy */ = {
			isa = PBXContainerItemProxy;
			containerPortal = 7B0747841F3BD3B300856C58 /* Project object */;
			proxyType = 1;
			remoteGlobalIDString = 7B07478B1F3BD3B400856C58;
			remoteInfo = TestFloatingButton;
		};
		7B0747AC1F3BD3B400856C58 /* PBXContainerItemProxy */ = {
			isa = PBXContainerItemProxy;
			containerPortal = 7B0747841F3BD3B300856C58 /* Project object */;
			proxyType = 1;
			remoteGlobalIDString = 7B07478B1F3BD3B400856C58;
			remoteInfo = TestFloatingButton;
		};
/* End PBXContainerItemProxy section */

/* Begin PBXFileReference section */
		386550E747E480E0D08BB263 /* Pods-TestFloatingButtonUITests.release.xcconfig */ = {isa = PBXFileReference; includeInIndex = 1; lastKnownFileType = text.xcconfig; name = "Pods-TestFloatingButtonUITests.release.xcconfig"; path = "Pods/Target Support Files/Pods-TestFloatingButtonUITests/Pods-TestFloatingButtonUITests.release.xcconfig"; sourceTree = "<group>"; };
		582E043277CF6DE78C734E0D /* Pods-TestFloatingButtonTests.debug.xcconfig */ = {isa = PBXFileReference; includeInIndex = 1; lastKnownFileType = text.xcconfig; name = "Pods-TestFloatingButtonTests.debug.xcconfig"; path = "Pods/Target Support Files/Pods-TestFloatingButtonTests/Pods-TestFloatingButtonTests.debug.xcconfig"; sourceTree = "<group>"; };
		5CB1CC27A96EDAA2AFF33BF4 /* Pods-TestFloatingButtonUITests.debug.xcconfig */ = {isa = PBXFileReference; includeInIndex = 1; lastKnownFileType = text.xcconfig; name = "Pods-TestFloatingButtonUITests.debug.xcconfig"; path = "Pods/Target Support Files/Pods-TestFloatingButtonUITests/Pods-TestFloatingButtonUITests.debug.xcconfig"; sourceTree = "<group>"; };
		61EE035AAA49EB8CED5D4E84 /* Pods-TestFloatingButton.release.xcconfig */ = {isa = PBXFileReference; includeInIndex = 1; lastKnownFileType = text.xcconfig; name = "Pods-TestFloatingButton.release.xcconfig"; path = "Pods/Target Support Files/Pods-TestFloatingButton/Pods-TestFloatingButton.release.xcconfig"; sourceTree = "<group>"; };
		6300B3232B924CA22D7B8398 /* Pods_TestFloatingButtonTests.framework */ = {isa = PBXFileReference; explicitFileType = wrapper.framework; includeInIndex = 0; path = Pods_TestFloatingButtonTests.framework; sourceTree = BUILT_PRODUCTS_DIR; };
		7B07478C1F3BD3B400856C58 /* TestFloatingButton.app */ = {isa = PBXFileReference; explicitFileType = wrapper.application; includeInIndex = 0; path = TestFloatingButton.app; sourceTree = BUILT_PRODUCTS_DIR; };
		7B07478F1F3BD3B400856C58 /* AppDelegate.swift */ = {isa = PBXFileReference; lastKnownFileType = sourcecode.swift; path = AppDelegate.swift; sourceTree = "<group>"; };
		7B0747911F3BD3B400856C58 /* ViewController.swift */ = {isa = PBXFileReference; lastKnownFileType = sourcecode.swift; path = ViewController.swift; sourceTree = "<group>"; };
		7B0747941F3BD3B400856C58 /* Base */ = {isa = PBXFileReference; lastKnownFileType = file.storyboard; name = Base; path = Base.lproj/Main.storyboard; sourceTree = "<group>"; };
		7B0747961F3BD3B400856C58 /* Assets.xcassets */ = {isa = PBXFileReference; lastKnownFileType = folder.assetcatalog; path = Assets.xcassets; sourceTree = "<group>"; };
		7B0747991F3BD3B400856C58 /* Base */ = {isa = PBXFileReference; lastKnownFileType = file.storyboard; name = Base; path = Base.lproj/LaunchScreen.storyboard; sourceTree = "<group>"; };
		7B07479B1F3BD3B400856C58 /* Info.plist */ = {isa = PBXFileReference; lastKnownFileType = text.plist.xml; path = Info.plist; sourceTree = "<group>"; };
		7B0747A01F3BD3B400856C58 /* TestFloatingButtonTests.xctest */ = {isa = PBXFileReference; explicitFileType = wrapper.cfbundle; includeInIndex = 0; path = TestFloatingButtonTests.xctest; sourceTree = BUILT_PRODUCTS_DIR; };
		7B0747A41F3BD3B400856C58 /* TestFloatingButtonTests.swift */ = {isa = PBXFileReference; lastKnownFileType = sourcecode.swift; path = TestFloatingButtonTests.swift; sourceTree = "<group>"; };
		7B0747A61F3BD3B400856C58 /* Info.plist */ = {isa = PBXFileReference; lastKnownFileType = text.plist.xml; path = Info.plist; sourceTree = "<group>"; };
		7B0747AB1F3BD3B400856C58 /* TestFloatingButtonUITests.xctest */ = {isa = PBXFileReference; explicitFileType = wrapper.cfbundle; includeInIndex = 0; path = TestFloatingButtonUITests.xctest; sourceTree = BUILT_PRODUCTS_DIR; };
		7B0747AF1F3BD3B400856C58 /* TestFloatingButtonUITests.swift */ = {isa = PBXFileReference; lastKnownFileType = sourcecode.swift; path = TestFloatingButtonUITests.swift; sourceTree = "<group>"; };
		7B0747B11F3BD3B400856C58 /* Info.plist */ = {isa = PBXFileReference; lastKnownFileType = text.plist.xml; path = Info.plist; sourceTree = "<group>"; };
		7B0747BD1F3BD3C200856C58 /* FloatingButton.swift */ = {isa = PBXFileReference; fileEncoding = 4; lastKnownFileType = sourcecode.swift; name = FloatingButton.swift; path = ../FloatingButton.swift; sourceTree = "<group>"; };
		7B35263F1F3DEBF70035892B /* CustomCellTableViewCell.swift */ = {isa = PBXFileReference; fileEncoding = 4; lastKnownFileType = sourcecode.swift; path = CustomCellTableViewCell.swift; sourceTree = "<group>"; };
		874555D687BA4A2EB4F9409D /* Pods-TestFloatingButtonTests.release.xcconfig */ = {isa = PBXFileReference; includeInIndex = 1; lastKnownFileType = text.xcconfig; name = "Pods-TestFloatingButtonTests.release.xcconfig"; path = "Pods/Target Support Files/Pods-TestFloatingButtonTests/Pods-TestFloatingButtonTests.release.xcconfig"; sourceTree = "<group>"; };
		D087150B6C6E81EFC0837608 /* Pods-TestFloatingButton.debug.xcconfig */ = {isa = PBXFileReference; includeInIndex = 1; lastKnownFileType = text.xcconfig; name = "Pods-TestFloatingButton.debug.xcconfig"; path = "Pods/Target Support Files/Pods-TestFloatingButton/Pods-TestFloatingButton.debug.xcconfig"; sourceTree = "<group>"; };
		E49E6ED0BD7FA3A6EF19B6A1 /* Pods_TestFloatingButton.framework */ = {isa = PBXFileReference; explicitFileType = wrapper.framework; includeInIndex = 0; path = Pods_TestFloatingButton.framework; sourceTree = BUILT_PRODUCTS_DIR; };
		EF8B5168CA9001EC1C915C01 /* Pods_TestFloatingButtonUITests.framework */ = {isa = PBXFileReference; explicitFileType = wrapper.framework; includeInIndex = 0; path = Pods_TestFloatingButtonUITests.framework; sourceTree = BUILT_PRODUCTS_DIR; };
/* End PBXFileReference section */

/* Begin PBXFrameworksBuildPhase section */
		7B0747891F3BD3B400856C58 /* Frameworks */ = {
			isa = PBXFrameworksBuildPhase;
			buildActionMask = 2147483647;
			files = (
				A306C14838ECC4A8E4DE0457 /* Pods_TestFloatingButton.framework in Frameworks */,
			);
			runOnlyForDeploymentPostprocessing = 0;
		};
		7B07479D1F3BD3B400856C58 /* Frameworks */ = {
			isa = PBXFrameworksBuildPhase;
			buildActionMask = 2147483647;
			files = (
				007B790B4F38DB2F30A44246 /* Pods_TestFloatingButtonTests.framework in Frameworks */,
			);
			runOnlyForDeploymentPostprocessing = 0;
		};
		7B0747A81F3BD3B400856C58 /* Frameworks */ = {
			isa = PBXFrameworksBuildPhase;
			buildActionMask = 2147483647;
			files = (
				0659619B08CD7F4DB1A6A3A5 /* Pods_TestFloatingButtonUITests.framework in Frameworks */,
			);
			runOnlyForDeploymentPostprocessing = 0;
		};
/* End PBXFrameworksBuildPhase section */

/* Begin PBXGroup section */
		437EF750C05153FE71072D1F /* Frameworks */ = {
			isa = PBXGroup;
			children = (
				E49E6ED0BD7FA3A6EF19B6A1 /* Pods_TestFloatingButton.framework */,
				6300B3232B924CA22D7B8398 /* Pods_TestFloatingButtonTests.framework */,
				EF8B5168CA9001EC1C915C01 /* Pods_TestFloatingButtonUITests.framework */,
			);
			name = Frameworks;
			sourceTree = "<group>";
		};
		7B0747831F3BD3B300856C58 = {
			isa = PBXGroup;
			children = (
				7B07478E1F3BD3B400856C58 /* TestFloatingButton */,
				7B0747A31F3BD3B400856C58 /* TestFloatingButtonTests */,
				7B0747AE1F3BD3B400856C58 /* TestFloatingButtonUITests */,
				7B07478D1F3BD3B400856C58 /* Products */,
				A132DCEE2EA5AD1FCD6A5BBC /* Pods */,
				437EF750C05153FE71072D1F /* Frameworks */,
			);
			sourceTree = "<group>";
		};
		7B07478D1F3BD3B400856C58 /* Products */ = {
			isa = PBXGroup;
			children = (
				7B07478C1F3BD3B400856C58 /* TestFloatingButton.app */,
				7B0747A01F3BD3B400856C58 /* TestFloatingButtonTests.xctest */,
				7B0747AB1F3BD3B400856C58 /* TestFloatingButtonUITests.xctest */,
			);
			name = Products;
			sourceTree = "<group>";
		};
		7B07478E1F3BD3B400856C58 /* TestFloatingButton */ = {
			isa = PBXGroup;
			children = (
				7B07478F1F3BD3B400856C58 /* AppDelegate.swift */,
				7B0747BD1F3BD3C200856C58 /* FloatingButton.swift */,
				7B0747911F3BD3B400856C58 /* ViewController.swift */,
				7B0747931F3BD3B400856C58 /* Main.storyboard */,
				7B35263F1F3DEBF70035892B /* CustomCellTableViewCell.swift */,
				7B0747961F3BD3B400856C58 /* Assets.xcassets */,
				7B0747981F3BD3B400856C58 /* LaunchScreen.storyboard */,
				7B07479B1F3BD3B400856C58 /* Info.plist */,
			);
			path = TestFloatingButton;
			sourceTree = "<group>";
		};
		7B0747A31F3BD3B400856C58 /* TestFloatingButtonTests */ = {
			isa = PBXGroup;
			children = (
				7B0747A41F3BD3B400856C58 /* TestFloatingButtonTests.swift */,
				7B0747A61F3BD3B400856C58 /* Info.plist */,
			);
			path = TestFloatingButtonTests;
			sourceTree = "<group>";
		};
		7B0747AE1F3BD3B400856C58 /* TestFloatingButtonUITests */ = {
			isa = PBXGroup;
			children = (
				7B0747AF1F3BD3B400856C58 /* TestFloatingButtonUITests.swift */,
				7B0747B11F3BD3B400856C58 /* Info.plist */,
			);
			path = TestFloatingButtonUITests;
			sourceTree = "<group>";
		};
		A132DCEE2EA5AD1FCD6A5BBC /* Pods */ = {
			isa = PBXGroup;
			children = (
				D087150B6C6E81EFC0837608 /* Pods-TestFloatingButton.debug.xcconfig */,
				61EE035AAA49EB8CED5D4E84 /* Pods-TestFloatingButton.release.xcconfig */,
				582E043277CF6DE78C734E0D /* Pods-TestFloatingButtonTests.debug.xcconfig */,
				874555D687BA4A2EB4F9409D /* Pods-TestFloatingButtonTests.release.xcconfig */,
				5CB1CC27A96EDAA2AFF33BF4 /* Pods-TestFloatingButtonUITests.debug.xcconfig */,
				386550E747E480E0D08BB263 /* Pods-TestFloatingButtonUITests.release.xcconfig */,
			);
			name = Pods;
			sourceTree = "<group>";
		};
/* End PBXGroup section */

/* Begin PBXNativeTarget section */
		7B07478B1F3BD3B400856C58 /* TestFloatingButton */ = {
			isa = PBXNativeTarget;
			buildConfigurationList = 7B0747B41F3BD3B400856C58 /* Build configuration list for PBXNativeTarget "TestFloatingButton" */;
			buildPhases = (
				29C83EC8804CF20B70D6285C /* [CP] Check Pods Manifest.lock */,
				7B0747881F3BD3B400856C58 /* Sources */,
				7B0747891F3BD3B400856C58 /* Frameworks */,
				7B07478A1F3BD3B400856C58 /* Resources */,
				C628A9E5AC1CF85A97FA5AA7 /* [CP] Embed Pods Frameworks */,
				BCAE30DF7EF968C690B061E8 /* [CP] Copy Pods Resources */,
			);
			buildRules = (
			);
			dependencies = (
			);
			name = TestFloatingButton;
			productName = TestFloatingButton;
			productReference = 7B07478C1F3BD3B400856C58 /* TestFloatingButton.app */;
			productType = "com.apple.product-type.application";
		};
		7B07479F1F3BD3B400856C58 /* TestFloatingButtonTests */ = {
			isa = PBXNativeTarget;
			buildConfigurationList = 7B0747B71F3BD3B400856C58 /* Build configuration list for PBXNativeTarget "TestFloatingButtonTests" */;
			buildPhases = (
				5DAB96458F1EECB3B835606C /* [CP] Check Pods Manifest.lock */,
				7B07479C1F3BD3B400856C58 /* Sources */,
				7B07479D1F3BD3B400856C58 /* Frameworks */,
				7B07479E1F3BD3B400856C58 /* Resources */,
				5B434865EFF2F088D2115E6F /* [CP] Embed Pods Frameworks */,
				F6E2266D7195819A873F68AF /* [CP] Copy Pods Resources */,
			);
			buildRules = (
			);
			dependencies = (
				7B0747A21F3BD3B400856C58 /* PBXTargetDependency */,
			);
			name = TestFloatingButtonTests;
			productName = TestFloatingButtonTests;
			productReference = 7B0747A01F3BD3B400856C58 /* TestFloatingButtonTests.xctest */;
			productType = "com.apple.product-type.bundle.unit-test";
		};
		7B0747AA1F3BD3B400856C58 /* TestFloatingButtonUITests */ = {
			isa = PBXNativeTarget;
			buildConfigurationList = 7B0747BA1F3BD3B400856C58 /* Build configuration list for PBXNativeTarget "TestFloatingButtonUITests" */;
			buildPhases = (
				760E36074F3CF4C3EBDFABC6 /* [CP] Check Pods Manifest.lock */,
				7B0747A71F3BD3B400856C58 /* Sources */,
				7B0747A81F3BD3B400856C58 /* Frameworks */,
				7B0747A91F3BD3B400856C58 /* Resources */,
				BD835D50E7E03BD8B21B412A /* [CP] Embed Pods Frameworks */,
				931911AA64B50AD81F93984C /* [CP] Copy Pods Resources */,
			);
			buildRules = (
			);
			dependencies = (
				7B0747AD1F3BD3B400856C58 /* PBXTargetDependency */,
			);
			name = TestFloatingButtonUITests;
			productName = TestFloatingButtonUITests;
			productReference = 7B0747AB1F3BD3B400856C58 /* TestFloatingButtonUITests.xctest */;
			productType = "com.apple.product-type.bundle.ui-testing";
		};
/* End PBXNativeTarget section */

/* Begin PBXProject section */
		7B0747841F3BD3B300856C58 /* Project object */ = {
			isa = PBXProject;
			attributes = {
				LastSwiftUpdateCheck = 0830;
				LastUpgradeCheck = 0830;
				ORGANIZATIONNAME = "Daniel Hjärtström";
				TargetAttributes = {
					7B07478B1F3BD3B400856C58 = {
						CreatedOnToolsVersion = 8.3.3;
						DevelopmentTeam = 6ZL797GF7H;
						ProvisioningStyle = Automatic;
					};
					7B07479F1F3BD3B400856C58 = {
						CreatedOnToolsVersion = 8.3.3;
						DevelopmentTeam = 6ZL797GF7H;
						ProvisioningStyle = Automatic;
						TestTargetID = 7B07478B1F3BD3B400856C58;
					};
					7B0747AA1F3BD3B400856C58 = {
						CreatedOnToolsVersion = 8.3.3;
						DevelopmentTeam = 6ZL797GF7H;
						ProvisioningStyle = Automatic;
						TestTargetID = 7B07478B1F3BD3B400856C58;
					};
				};
			};
			buildConfigurationList = 7B0747871F3BD3B300856C58 /* Build configuration list for PBXProject "TestFloatingButton" */;
			compatibilityVersion = "Xcode 3.2";
			developmentRegion = English;
			hasScannedForEncodings = 0;
			knownRegions = (
				en,
				Base,
			);
			mainGroup = 7B0747831F3BD3B300856C58;
			productRefGroup = 7B07478D1F3BD3B400856C58 /* Products */;
			projectDirPath = "";
			projectRoot = "";
			targets = (
				7B07478B1F3BD3B400856C58 /* TestFloatingButton */,
				7B07479F1F3BD3B400856C58 /* TestFloatingButtonTests */,
				7B0747AA1F3BD3B400856C58 /* TestFloatingButtonUITests */,
			);
		};
/* End PBXProject section */

/* Begin PBXResourcesBuildPhase section */
		7B07478A1F3BD3B400856C58 /* Resources */ = {
			isa = PBXResourcesBuildPhase;
			buildActionMask = 2147483647;
			files = (
				7B07479A1F3BD3B400856C58 /* LaunchScreen.storyboard in Resources */,
				7B0747971F3BD3B400856C58 /* Assets.xcassets in Resources */,
				7B0747951F3BD3B400856C58 /* Main.storyboard in Resources */,
			);
			runOnlyForDeploymentPostprocessing = 0;
		};
		7B07479E1F3BD3B400856C58 /* Resources */ = {
			isa = PBXResourcesBuildPhase;
			buildActionMask = 2147483647;
			files = (
			);
			runOnlyForDeploymentPostprocessing = 0;
		};
		7B0747A91F3BD3B400856C58 /* Resources */ = {
			isa = PBXResourcesBuildPhase;
			buildActionMask = 2147483647;
			files = (
			);
			runOnlyForDeploymentPostprocessing = 0;
		};
/* End PBXResourcesBuildPhase section */

/* Begin PBXShellScriptBuildPhase section */
		29C83EC8804CF20B70D6285C /* [CP] Check Pods Manifest.lock */ = {
			isa = PBXShellScriptBuildPhase;
			buildActionMask = 2147483647;
			files = (
			);
			inputPaths = (
			);
			name = "[CP] Check Pods Manifest.lock";
			outputPaths = (
			);
			runOnlyForDeploymentPostprocessing = 0;
			shellPath = /bin/sh;
			shellScript = "diff \"${PODS_ROOT}/../Podfile.lock\" \"${PODS_ROOT}/Manifest.lock\" > /dev/null\nif [ $? != 0 ] ; then\n    # print error to STDERR\n    echo \"error: The sandbox is not in sync with the Podfile.lock. Run 'pod install' or update your CocoaPods installation.\" >&2\n    exit 1\nfi\n";
			showEnvVarsInLog = 0;
		};
		5B434865EFF2F088D2115E6F /* [CP] Embed Pods Frameworks */ = {
			isa = PBXShellScriptBuildPhase;
			buildActionMask = 2147483647;
			files = (
			);
			inputPaths = (
			);
			name = "[CP] Embed Pods Frameworks";
			outputPaths = (
			);
			runOnlyForDeploymentPostprocessing = 0;
			shellPath = /bin/sh;
			shellScript = "\"${SRCROOT}/Pods/Target Support Files/Pods-TestFloatingButtonTests/Pods-TestFloatingButtonTests-frameworks.sh\"\n";
			showEnvVarsInLog = 0;
		};
		5DAB96458F1EECB3B835606C /* [CP] Check Pods Manifest.lock */ = {
			isa = PBXShellScriptBuildPhase;
			buildActionMask = 2147483647;
			files = (
			);
			inputPaths = (
			);
			name = "[CP] Check Pods Manifest.lock";
			outputPaths = (
			);
			runOnlyForDeploymentPostprocessing = 0;
			shellPath = /bin/sh;
			shellScript = "diff \"${PODS_ROOT}/../Podfile.lock\" \"${PODS_ROOT}/Manifest.lock\" > /dev/null\nif [ $? != 0 ] ; then\n    # print error to STDERR\n    echo \"error: The sandbox is not in sync with the Podfile.lock. Run 'pod install' or update your CocoaPods installation.\" >&2\n    exit 1\nfi\n";
			showEnvVarsInLog = 0;
		};
		760E36074F3CF4C3EBDFABC6 /* [CP] Check Pods Manifest.lock */ = {
			isa = PBXShellScriptBuildPhase;
			buildActionMask = 2147483647;
			files = (
			);
			inputPaths = (
			);
			name = "[CP] Check Pods Manifest.lock";
			outputPaths = (
			);
			runOnlyForDeploymentPostprocessing = 0;
			shellPath = /bin/sh;
			shellScript = "diff \"${PODS_ROOT}/../Podfile.lock\" \"${PODS_ROOT}/Manifest.lock\" > /dev/null\nif [ $? != 0 ] ; then\n    # print error to STDERR\n    echo \"error: The sandbox is not in sync with the Podfile.lock. Run 'pod install' or update your CocoaPods installation.\" >&2\n    exit 1\nfi\n";
			showEnvVarsInLog = 0;
		};
		931911AA64B50AD81F93984C /* [CP] Copy Pods Resources */ = {
			isa = PBXShellScriptBuildPhase;
			buildActionMask = 2147483647;
			files = (
			);
			inputPaths = (
			);
			name = "[CP] Copy Pods Resources";
			outputPaths = (
			);
			runOnlyForDeploymentPostprocessing = 0;
			shellPath = /bin/sh;
			shellScript = "\"${SRCROOT}/Pods/Target Support Files/Pods-TestFloatingButtonUITests/Pods-TestFloatingButtonUITests-resources.sh\"\n";
			showEnvVarsInLog = 0;
		};
		BCAE30DF7EF968C690B061E8 /* [CP] Copy Pods Resources */ = {
			isa = PBXShellScriptBuildPhase;
			buildActionMask = 2147483647;
			files = (
			);
			inputPaths = (
			);
			name = "[CP] Copy Pods Resources";
			outputPaths = (
			);
			runOnlyForDeploymentPostprocessing = 0;
			shellPath = /bin/sh;
			shellScript = "\"${SRCROOT}/Pods/Target Support Files/Pods-TestFloatingButton/Pods-TestFloatingButton-resources.sh\"\n";
			showEnvVarsInLog = 0;
		};
		BD835D50E7E03BD8B21B412A /* [CP] Embed Pods Frameworks */ = {
			isa = PBXShellScriptBuildPhase;
			buildActionMask = 2147483647;
			files = (
			);
			inputPaths = (
			);
			name = "[CP] Embed Pods Frameworks";
			outputPaths = (
			);
			runOnlyForDeploymentPostprocessing = 0;
			shellPath = /bin/sh;
			shellScript = "\"${SRCROOT}/Pods/Target Support Files/Pods-TestFloatingButtonUITests/Pods-TestFloatingButtonUITests-frameworks.sh\"\n";
			showEnvVarsInLog = 0;
		};
		C628A9E5AC1CF85A97FA5AA7 /* [CP] Embed Pods Frameworks */ = {
			isa = PBXShellScriptBuildPhase;
			buildActionMask = 2147483647;
			files = (
			);
			inputPaths = (
			);
			name = "[CP] Embed Pods Frameworks";
			outputPaths = (
			);
			runOnlyForDeploymentPostprocessing = 0;
			shellPath = /bin/sh;
			shellScript = "\"${SRCROOT}/Pods/Target Support Files/Pods-TestFloatingButton/Pods-TestFloatingButton-frameworks.sh\"\n";
			showEnvVarsInLog = 0;
		};
		F6E2266D7195819A873F68AF /* [CP] Copy Pods Resources */ = {
			isa = PBXShellScriptBuildPhase;
			buildActionMask = 2147483647;
			files = (
			);
			inputPaths = (
			);
			name = "[CP] Copy Pods Resources";
			outputPaths = (
			);
			runOnlyForDeploymentPostprocessing = 0;
			shellPath = /bin/sh;
			shellScript = "\"${SRCROOT}/Pods/Target Support Files/Pods-TestFloatingButtonTests/Pods-TestFloatingButtonTests-resources.sh\"\n";
			showEnvVarsInLog = 0;
		};
/* End PBXShellScriptBuildPhase section */

/* Begin PBXSourcesBuildPhase section */
		7B0747881F3BD3B400856C58 /* Sources */ = {
			isa = PBXSourcesBuildPhase;
			buildActionMask = 2147483647;
			files = (
				7B0747921F3BD3B400856C58 /* ViewController.swift in Sources */,
				7B0747901F3BD3B400856C58 /* AppDelegate.swift in Sources */,
				7B3526401F3DEBF70035892B /* CustomCellTableViewCell.swift in Sources */,
				7B0747BE1F3BD3C200856C58 /* FloatingButton.swift in Sources */,
			);
			runOnlyForDeploymentPostprocessing = 0;
		};
		7B07479C1F3BD3B400856C58 /* Sources */ = {
			isa = PBXSourcesBuildPhase;
			buildActionMask = 2147483647;
			files = (
				7B0747A51F3BD3B400856C58 /* TestFloatingButtonTests.swift in Sources */,
			);
			runOnlyForDeploymentPostprocessing = 0;
		};
		7B0747A71F3BD3B400856C58 /* Sources */ = {
			isa = PBXSourcesBuildPhase;
			buildActionMask = 2147483647;
			files = (
				7B0747B01F3BD3B400856C58 /* TestFloatingButtonUITests.swift in Sources */,
			);
			runOnlyForDeploymentPostprocessing = 0;
		};
/* End PBXSourcesBuildPhase section */

/* Begin PBXTargetDependency section */
		7B0747A21F3BD3B400856C58 /* PBXTargetDependency */ = {
			isa = PBXTargetDependency;
			target = 7B07478B1F3BD3B400856C58 /* TestFloatingButton */;
			targetProxy = 7B0747A11F3BD3B400856C58 /* PBXContainerItemProxy */;
		};
		7B0747AD1F3BD3B400856C58 /* PBXTargetDependency */ = {
			isa = PBXTargetDependency;
			target = 7B07478B1F3BD3B400856C58 /* TestFloatingButton */;
			targetProxy = 7B0747AC1F3BD3B400856C58 /* PBXContainerItemProxy */;
		};
/* End PBXTargetDependency section */

/* Begin PBXVariantGroup section */
		7B0747931F3BD3B400856C58 /* Main.storyboard */ = {
			isa = PBXVariantGroup;
			children = (
				7B0747941F3BD3B400856C58 /* Base */,
			);
			name = Main.storyboard;
			sourceTree = "<group>";
		};
		7B0747981F3BD3B400856C58 /* LaunchScreen.storyboard */ = {
			isa = PBXVariantGroup;
			children = (
				7B0747991F3BD3B400856C58 /* Base */,
			);
			name = LaunchScreen.storyboard;
			sourceTree = "<group>";
		};
/* End PBXVariantGroup section */

/* Begin XCBuildConfiguration section */
		7B0747B21F3BD3B400856C58 /* Debug */ = {
			isa = XCBuildConfiguration;
			buildSettings = {
				ALWAYS_SEARCH_USER_PATHS = NO;
				CLANG_ANALYZER_NONNULL = YES;
				CLANG_ANALYZER_NUMBER_OBJECT_CONVERSION = YES_AGGRESSIVE;
				CLANG_CXX_LANGUAGE_STANDARD = "gnu++0x";
				CLANG_CXX_LIBRARY = "libc++";
				CLANG_ENABLE_MODULES = YES;
				CLANG_ENABLE_OBJC_ARC = YES;
				CLANG_WARN_BOOL_CONVERSION = YES;
				CLANG_WARN_CONSTANT_CONVERSION = YES;
				CLANG_WARN_DIRECT_OBJC_ISA_USAGE = YES_ERROR;
				CLANG_WARN_DOCUMENTATION_COMMENTS = YES;
				CLANG_WARN_EMPTY_BODY = YES;
				CLANG_WARN_ENUM_CONVERSION = YES;
				CLANG_WARN_INFINITE_RECURSION = YES;
				CLANG_WARN_INT_CONVERSION = YES;
				CLANG_WARN_OBJC_ROOT_CLASS = YES_ERROR;
				CLANG_WARN_SUSPICIOUS_MOVE = YES;
				CLANG_WARN_UNREACHABLE_CODE = YES;
				CLANG_WARN__DUPLICATE_METHOD_MATCH = YES;
				"CODE_SIGN_IDENTITY[sdk=iphoneos*]" = "iPhone Developer";
				COPY_PHASE_STRIP = NO;
				DEBUG_INFORMATION_FORMAT = dwarf;
				ENABLE_STRICT_OBJC_MSGSEND = YES;
				ENABLE_TESTABILITY = YES;
				GCC_C_LANGUAGE_STANDARD = gnu99;
				GCC_DYNAMIC_NO_PIC = NO;
				GCC_NO_COMMON_BLOCKS = YES;
				GCC_OPTIMIZATION_LEVEL = 0;
				GCC_PREPROCESSOR_DEFINITIONS = (
					"DEBUG=1",
					"$(inherited)",
				);
				GCC_WARN_64_TO_32_BIT_CONVERSION = YES;
				GCC_WARN_ABOUT_RETURN_TYPE = YES_ERROR;
				GCC_WARN_UNDECLARED_SELECTOR = YES;
				GCC_WARN_UNINITIALIZED_AUTOS = YES_AGGRESSIVE;
				GCC_WARN_UNUSED_FUNCTION = YES;
				GCC_WARN_UNUSED_VARIABLE = YES;
				IPHONEOS_DEPLOYMENT_TARGET = 10.3;
				MTL_ENABLE_DEBUG_INFO = YES;
				ONLY_ACTIVE_ARCH = YES;
				SDKROOT = iphoneos;
				SWIFT_ACTIVE_COMPILATION_CONDITIONS = DEBUG;
				SWIFT_OPTIMIZATION_LEVEL = "-Onone";
				TARGETED_DEVICE_FAMILY = "1,2";
			};
			name = Debug;
		};
		7B0747B31F3BD3B400856C58 /* Release */ = {
			isa = XCBuildConfiguration;
			buildSettings = {
				ALWAYS_SEARCH_USER_PATHS = NO;
				CLANG_ANALYZER_NONNULL = YES;
				CLANG_ANALYZER_NUMBER_OBJECT_CONVERSION = YES_AGGRESSIVE;
				CLANG_CXX_LANGUAGE_STANDARD = "gnu++0x";
				CLANG_CXX_LIBRARY = "libc++";
				CLANG_ENABLE_MODULES = YES;
				CLANG_ENABLE_OBJC_ARC = YES;
				CLANG_WARN_BOOL_CONVERSION = YES;
				CLANG_WARN_CONSTANT_CONVERSION = YES;
				CLANG_WARN_DIRECT_OBJC_ISA_USAGE = YES_ERROR;
				CLANG_WARN_DOCUMENTATION_COMMENTS = YES;
				CLANG_WARN_EMPTY_BODY = YES;
				CLANG_WARN_ENUM_CONVERSION = YES;
				CLANG_WARN_INFINITE_RECURSION = YES;
				CLANG_WARN_INT_CONVERSION = YES;
				CLANG_WARN_OBJC_ROOT_CLASS = YES_ERROR;
				CLANG_WARN_SUSPICIOUS_MOVE = YES;
				CLANG_WARN_UNREACHABLE_CODE = YES;
				CLANG_WARN__DUPLICATE_METHOD_MATCH = YES;
				"CODE_SIGN_IDENTITY[sdk=iphoneos*]" = "iPhone Developer";
				COPY_PHASE_STRIP = NO;
				DEBUG_INFORMATION_FORMAT = "dwarf-with-dsym";
				ENABLE_NS_ASSERTIONS = NO;
				ENABLE_STRICT_OBJC_MSGSEND = YES;
				GCC_C_LANGUAGE_STANDARD = gnu99;
				GCC_NO_COMMON_BLOCKS = YES;
				GCC_WARN_64_TO_32_BIT_CONVERSION = YES;
				GCC_WARN_ABOUT_RETURN_TYPE = YES_ERROR;
				GCC_WARN_UNDECLARED_SELECTOR = YES;
				GCC_WARN_UNINITIALIZED_AUTOS = YES_AGGRESSIVE;
				GCC_WARN_UNUSED_FUNCTION = YES;
				GCC_WARN_UNUSED_VARIABLE = YES;
				IPHONEOS_DEPLOYMENT_TARGET = 10.3;
				MTL_ENABLE_DEBUG_INFO = NO;
				SDKROOT = iphoneos;
				SWIFT_OPTIMIZATION_LEVEL = "-Owholemodule";
				TARGETED_DEVICE_FAMILY = "1,2";
				VALIDATE_PRODUCT = YES;
			};
			name = Release;
		};
		7B0747B51F3BD3B400856C58 /* Debug */ = {
			isa = XCBuildConfiguration;
			baseConfigurationReference = D087150B6C6E81EFC0837608 /* Pods-TestFloatingButton.debug.xcconfig */;
			buildSettings = {
				ASSETCATALOG_COMPILER_APPICON_NAME = AppIcon;
				DEVELOPMENT_TEAM = 6ZL797GF7H;
				INFOPLIST_FILE = TestFloatingButton/Info.plist;
				LD_RUNPATH_SEARCH_PATHS = "$(inherited) @executable_path/Frameworks";
				PRODUCT_BUNDLE_IDENTIFIER = com.danielhjartstrom.TestFloatingButton;
				PRODUCT_NAME = "$(TARGET_NAME)";
				SWIFT_VERSION = 3.0;
			};
			name = Debug;
		};
		7B0747B61F3BD3B400856C58 /* Release */ = {
			isa = XCBuildConfiguration;
			baseConfigurationReference = 61EE035AAA49EB8CED5D4E84 /* Pods-TestFloatingButton.release.xcconfig */;
			buildSettings = {
				ASSETCATALOG_COMPILER_APPICON_NAME = AppIcon;
				DEVELOPMENT_TEAM = 6ZL797GF7H;
				INFOPLIST_FILE = TestFloatingButton/Info.plist;
				LD_RUNPATH_SEARCH_PATHS = "$(inherited) @executable_path/Frameworks";
				PRODUCT_BUNDLE_IDENTIFIER = com.danielhjartstrom.TestFloatingButton;
				PRODUCT_NAME = "$(TARGET_NAME)";
				SWIFT_VERSION = 3.0;
			};
			name = Release;
		};
		7B0747B81F3BD3B400856C58 /* Debug */ = {
			isa = XCBuildConfiguration;
			baseConfigurationReference = 582E043277CF6DE78C734E0D /* Pods-TestFloatingButtonTests.debug.xcconfig */;
			buildSettings = {
				ALWAYS_EMBED_SWIFT_STANDARD_LIBRARIES = YES;
				BUNDLE_LOADER = "$(TEST_HOST)";
				DEVELOPMENT_TEAM = 6ZL797GF7H;
				INFOPLIST_FILE = TestFloatingButtonTests/Info.plist;
				LD_RUNPATH_SEARCH_PATHS = "$(inherited) @executable_path/Frameworks @loader_path/Frameworks";
				PRODUCT_BUNDLE_IDENTIFIER = com.danielhjartstrom.TestFloatingButtonTests;
				PRODUCT_NAME = "$(TARGET_NAME)";
				SWIFT_VERSION = 3.0;
				TEST_HOST = "$(BUILT_PRODUCTS_DIR)/TestFloatingButton.app/TestFloatingButton";
			};
			name = Debug;
		};
		7B0747B91F3BD3B400856C58 /* Release */ = {
			isa = XCBuildConfiguration;
			baseConfigurationReference = 874555D687BA4A2EB4F9409D /* Pods-TestFloatingButtonTests.release.xcconfig */;
			buildSettings = {
				ALWAYS_EMBED_SWIFT_STANDARD_LIBRARIES = YES;
				BUNDLE_LOADER = "$(TEST_HOST)";
				DEVELOPMENT_TEAM = 6ZL797GF7H;
				INFOPLIST_FILE = TestFloatingButtonTests/Info.plist;
				LD_RUNPATH_SEARCH_PATHS = "$(inherited) @executable_path/Frameworks @loader_path/Frameworks";
				PRODUCT_BUNDLE_IDENTIFIER = com.danielhjartstrom.TestFloatingButtonTests;
				PRODUCT_NAME = "$(TARGET_NAME)";
				SWIFT_VERSION = 3.0;
				TEST_HOST = "$(BUILT_PRODUCTS_DIR)/TestFloatingButton.app/TestFloatingButton";
			};
			name = Release;
		};
		7B0747BB1F3BD3B400856C58 /* Debug */ = {
			isa = XCBuildConfiguration;
			baseConfigurationReference = 5CB1CC27A96EDAA2AFF33BF4 /* Pods-TestFloatingButtonUITests.debug.xcconfig */;
			buildSettings = {
				ALWAYS_EMBED_SWIFT_STANDARD_LIBRARIES = YES;
				DEVELOPMENT_TEAM = 6ZL797GF7H;
				INFOPLIST_FILE = TestFloatingButtonUITests/Info.plist;
				LD_RUNPATH_SEARCH_PATHS = "$(inherited) @executable_path/Frameworks @loader_path/Frameworks";
				PRODUCT_BUNDLE_IDENTIFIER = com.danielhjartstrom.TestFloatingButtonUITests;
				PRODUCT_NAME = "$(TARGET_NAME)";
				SWIFT_VERSION = 3.0;
				TEST_TARGET_NAME = TestFloatingButton;
			};
			name = Debug;
		};
		7B0747BC1F3BD3B400856C58 /* Release */ = {
			isa = XCBuildConfiguration;
			baseConfigurationReference = 386550E747E480E0D08BB263 /* Pods-TestFloatingButtonUITests.release.xcconfig */;
			buildSettings = {
				ALWAYS_EMBED_SWIFT_STANDARD_LIBRARIES = YES;
				DEVELOPMENT_TEAM = 6ZL797GF7H;
				INFOPLIST_FILE = TestFloatingButtonUITests/Info.plist;
				LD_RUNPATH_SEARCH_PATHS = "$(inherited) @executable_path/Frameworks @loader_path/Frameworks";
				PRODUCT_BUNDLE_IDENTIFIER = com.danielhjartstrom.TestFloatingButtonUITests;
				PRODUCT_NAME = "$(TARGET_NAME)";
				SWIFT_VERSION = 3.0;
				TEST_TARGET_NAME = TestFloatingButton;
			};
			name = Release;
		};
/* End XCBuildConfiguration section */

/* Begin XCConfigurationList section */
		7B0747871F3BD3B300856C58 /* Build configuration list for PBXProject "TestFloatingButton" */ = {
			isa = XCConfigurationList;
			buildConfigurations = (
				7B0747B21F3BD3B400856C58 /* Debug */,
				7B0747B31F3BD3B400856C58 /* Release */,
			);
			defaultConfigurationIsVisible = 0;
			defaultConfigurationName = Release;
		};
		7B0747B41F3BD3B400856C58 /* Build configuration list for PBXNativeTarget "TestFloatingButton" */ = {
			isa = XCConfigurationList;
			buildConfigurations = (
				7B0747B51F3BD3B400856C58 /* Debug */,
				7B0747B61F3BD3B400856C58 /* Release */,
			);
			defaultConfigurationIsVisible = 0;
			defaultConfigurationName = Release;
		};
		7B0747B71F3BD3B400856C58 /* Build configuration list for PBXNativeTarget "TestFloatingButtonTests" */ = {
			isa = XCConfigurationList;
			buildConfigurations = (
				7B0747B81F3BD3B400856C58 /* Debug */,
				7B0747B91F3BD3B400856C58 /* Release */,
			);
			defaultConfigurationIsVisible = 0;
			defaultConfigurationName = Release;
		};
		7B0747BA1F3BD3B400856C58 /* Build configuration list for PBXNativeTarget "TestFloatingButtonUITests" */ = {
			isa = XCConfigurationList;
			buildConfigurations = (
				7B0747BB1F3BD3B400856C58 /* Debug */,
				7B0747BC1F3BD3B400856C58 /* Release */,
			);
			defaultConfigurationIsVisible = 0;
			defaultConfigurationName = Release;
		};
/* End XCConfigurationList section */
	};
	rootObject = 7B0747841F3BD3B300856C58 /* Project object */;
}
